
Microsoft Visual Studio Solution File, Format Version 12.00
# Visual Studio 15
VisualStudioVersion = 15.0.26124.0
MinimumVisualStudioVersion = 15.0.26124.0
Project("{2150E333-8FDC-42A3-9474-1A3956D46DE8}") = "src", "src", "{5D196596-756D-45C2-8A05-C8E4AB8A36E6}"
EndProject
Project("{FAE04EC0-301F-11D3-BF4B-00C04F79EFBC}") = "dotnetCampus.FileDownloader", "src\dotnetCampus.FileDownloader\dotnetCampus.FileDownloader.csproj", "{F7ED61F4-920C-49EB-8DC1-74B2BE6AF272}"
EndProject
Global
	GlobalSection(SolutionConfigurationPlatforms) = preSolution
		Debug|Any CPU = Debug|Any CPU
		Debug|x64 = Debug|x64
		Debug|x86 = Debug|x86
		Release|Any CPU = Release|Any CPU
		Release|x64 = Release|x64
		Release|x86 = Release|x86
	EndGlobalSection
	GlobalSection(SolutionProperties) = preSolution
		HideSolutionNode = FALSE
	EndGlobalSection
	GlobalSection(ProjectConfigurationPlatforms) = postSolution
		{F7ED61F4-920C-49EB-8DC1-74B2BE6AF272}.Debug|Any CPU.ActiveCfg = Debug|Any CPU
		{F7ED61F4-920C-49EB-8DC1-74B2BE6AF272}.Debug|Any CPU.Build.0 = Debug|Any CPU
		{F7ED61F4-920C-49EB-8DC1-74B2BE6AF272}.Debug|x64.ActiveCfg = Debug|Any CPU
		{F7ED61F4-920C-49EB-8DC1-74B2BE6AF272}.Debug|x64.Build.0 = Debug|Any CPU
		{F7ED61F4-920C-49EB-8DC1-74B2BE6AF272}.Debug|x86.ActiveCfg = Debug|Any CPU
		{F7ED61F4-920C-49EB-8DC1-74B2BE6AF272}.Debug|x86.Build.0 = Debug|Any CPU
		{F7ED61F4-920C-49EB-8DC1-74B2BE6AF272}.Release|Any CPU.ActiveCfg = Release|Any CPU
		{F7ED61F4-920C-49EB-8DC1-74B2BE6AF272}.Release|Any CPU.Build.0 = Release|Any CPU
		{F7ED61F4-920C-49EB-8DC1-74B2BE6AF272}.Release|x64.ActiveCfg = Release|Any CPU
		{F7ED61F4-920C-49EB-8DC1-74B2BE6AF272}.Release|x64.Build.0 = Release|Any CPU
		{F7ED61F4-920C-49EB-8DC1-74B2BE6AF272}.Release|x86.ActiveCfg = Release|Any CPU
		{F7ED61F4-920C-49EB-8DC1-74B2BE6AF272}.Release|x86.Build.0 = Release|Any CPU
	EndGlobalSection
	GlobalSection(NestedProjects) = preSolution
		{F7ED61F4-920C-49EB-8DC1-74B2BE6AF272} = {5D196596-756D-45C2-8A05-C8E4AB8A36E6}
	EndGlobalSection
EndGlobal
